
Microsoft Visual Studio Solution File, Format Version 12.00
Project("{FAE04EC0-301F-11D3-BF4B-00C04F79EFBC}") = "Responsible", "..\com.beatwaves.responsible\Runtime\Responsible.csproj", "{79E64EF2-89D1-43C8-8A70-B13A27555713}"
EndProject
Project("{FAE04EC0-301F-11D3-BF4B-00C04F79EFBC}") = "Responsible.Tests", "..\Tests\Responsible.Tests.csproj", "{BB896039-701A-4D45-B6DA-F3E5FB5FCB6A}"
EndProject
Global
	GlobalSection(SolutionConfigurationPlatforms) = preSolution
		Debug|Any CPU = Debug|Any CPU
		Release|Any CPU = Release|Any CPU
	EndGlobalSection
	GlobalSection(ProjectConfigurationPlatforms) = postSolution
		{79E64EF2-89D1-43C8-8A70-B13A27555713}.Debug|Any CPU.ActiveCfg = Debug|Any CPU
		{79E64EF2-89D1-43C8-8A70-B13A27555713}.Debug|Any CPU.Build.0 = Debug|Any CPU
		{79E64EF2-89D1-43C8-8A70-B13A27555713}.Release|Any CPU.ActiveCfg = Release|Any CPU
		{79E64EF2-89D1-43C8-8A70-B13A27555713}.Release|Any CPU.Build.0 = Release|Any CPU
		{BB896039-701A-4D45-B6DA-F3E5FB5FCB6A}.Debug|Any CPU.ActiveCfg = Debug|Any CPU
		{BB896039-701A-4D45-B6DA-F3E5FB5FCB6A}.Debug|Any CPU.Build.0 = Debug|Any CPU
		{BB896039-701A-4D45-B6DA-F3E5FB5FCB6A}.Release|Any CPU.ActiveCfg = Release|Any CPU
		{BB896039-701A-4D45-B6DA-F3E5FB5FCB6A}.Release|Any CPU.Build.0 = Release|Any CPU
	EndGlobalSection
EndGlobal
